Microsoft Visual Studio Solution File, Format Version 11.00
# Visual Studio 2008

Project("{06208C70-D753-0810-EB89-BEF9334199F6}") = "LabyrinthTutorialFinish", "Assembly-CSharp-firstpass-vs.csproj", "{EA86EBA4-8695-15F2-7C51-114C952DE386}"
EndProject
Project("{06208C70-D753-0810-EB89-BEF9334199F6}") = "LabyrinthTutorialFinish", "Assembly-CSharp-vs.csproj", "{1F3486E5-F365-4F1A-313A-71BC9C2702B4}"
EndProject
Global
	GlobalSection(SolutionConfigurationPlatforms) = preSolution
		Debug|Any CPU = Debug|Any CPU
		Release|Any CPU = Release|Any CPU
	EndGlobalSection
	GlobalSection(ProjectConfigurationPlatforms) = postSolution
		{EA86EBA4-8695-15F2-7C51-114C952DE386}.Debug|Any CPU.ActiveCfg = Debug|Any CPU
		{EA86EBA4-8695-15F2-7C51-114C952DE386}.Debug|Any CPU.Build.0 = Debug|Any CPU
		{EA86EBA4-8695-15F2-7C51-114C952DE386}.Release|Any CPU.ActiveCfg = Release|Any CPU
		{EA86EBA4-8695-15F2-7C51-114C952DE386}.Release|Any CPU.Build.0 = Release|Any CPU
		{1F3486E5-F365-4F1A-313A-71BC9C2702B4}.Debug|Any CPU.ActiveCfg = Debug|Any CPU
		{1F3486E5-F365-4F1A-313A-71BC9C2702B4}.Debug|Any CPU.Build.0 = Debug|Any CPU
		{1F3486E5-F365-4F1A-313A-71BC9C2702B4}.Release|Any CPU.ActiveCfg = Release|Any CPU
		{1F3486E5-F365-4F1A-313A-71BC9C2702B4}.Release|Any CPU.Build.0 = Release|Any CPU
	EndGlobalSection
	GlobalSection(SolutionProperties) = preSolution
		HideSolutionNode = FALSE
	EndGlobalSection
																													GlobalSection(MonoDevelopProperties) = preSolution
		StartupItem = Assembly-CSharp.csproj
		Policies = $0
		$0.TextStylePolicy = $1
		$1.inheritsSet = null
		$1.scope = text/x-csharp
		$0.CSharpFormattingPolicy = $2
		$2.inheritsSet = Mono
		$2.inheritsScope = text/x-csharp
		$2.scope = text/x-csharp
		$0.TextStylePolicy = $3
		$3.FileWidth = 120
		$3.TabWidth = 4
		$3.EolMarker = Unix
		$3.inheritsSet = Mono
		$3.inheritsScope = text/plain
		$3.scope = text/plain
	EndGlobalSection

EndGlobal
